
Microsoft Visual Studio Solution File, Format Version 12.00
# Visual Studio Version 17
VisualStudioVersion = 17.5.33627.172
MinimumVisualStudioVersion = 10.0.40219.1
Project("{FAE04EC0-301F-11D3-BF4B-00C04F79EFBC}") = "RegraEscoteiro", "RegraEscoteiro\RegraEscoteiro.csproj", "{F2813B9B-13B5-427C-BD0B-4FCCC98F19A8}"
EndProject
Global
	GlobalSection(SolutionConfigurationPlatforms) = preSolution
		Debug|Any CPU = Debug|Any CPU
		Release|Any CPU = Release|Any CPU
	EndGlobalSection
	GlobalSection(ProjectConfigurationPlatforms) = postSolution
		{F2813B9B-13B5-427C-BD0B-4FCCC98F19A8}.Debug|Any CPU.ActiveCfg = Debug|Any CPU
		{F2813B9B-13B5-427C-BD0B-4FCCC98F19A8}.Debug|Any CPU.Build.0 = Debug|Any CPU
		{F2813B9B-13B5-427C-BD0B-4FCCC98F19A8}.Release|Any CPU.ActiveCfg = Release|Any CPU
		{F2813B9B-13B5-427C-BD0B-4FCCC98F19A8}.Release|Any CPU.Build.0 = Release|Any CPU
	EndGlobalSection
	GlobalSection(SolutionProperties) = preSolution
		HideSolutionNode = FALSE
	EndGlobalSection
	GlobalSection(ExtensibilityGlobals) = postSolution
		SolutionGuid = {F2161533-F400-4986-9C5B-EBD1621B6743}
	EndGlobalSection
EndGlobal
